Microsoft Visual Studio Solution File, Format Version 12.00
# Visual Studio Version 16
VisualStudioVersion = 16.0.30611.23
MinimumVisualStudioVersion = 15.0.26124.0
Project("{9A19103F-16F7-4668-BE54-9A1E7A4F7556}") = "OggVorbisEncoder", "OggVorbisEncoder\OggVorbisEncoder.csproj", "{60268B75-5C47-4DFC-9F7A-83E47B0978CD}"
EndProject
Project("{9A19103F-16F7-4668-BE54-9A1E7A4F7556}") = "OggVorbisEncoder.Example", "OggVorbisEncoder.Example\OggVorbisEncoder.Example.csproj", "{B96A2BFE-6829-4E5A-86BE-26DE0294D3C6}"
EndProject
Project("{9A19103F-16F7-4668-BE54-9A1E7A4F7556}") = "OggVorbisEncoder.Benchmarks", "OggVorbisEncoder.Benchmarks\OggVorbisEncoder.Benchmarks.csproj", "{8151113A-24BC-4A67-B513-D43C912AE0C0}"
EndProject
Project("{9A19103F-16F7-4668-BE54-9A1E7A4F7556}") = "OggVorbisEncoder.StreamExample", "OggVorbisEncoder.StreamExample\OggVorbisEncoder.StreamExample.csproj", "{22589CA2-5F8B-44F8-BC87-795569486E28}"
EndProject
Global
	GlobalSection(SolutionConfigurationPlatforms) = preSolution
		Debug|Any CPU = Debug|Any CPU
		Debug|x64 = Debug|x64
		Debug|x86 = Debug|x86
		Release|Any CPU = Release|Any CPU
		Release|x64 = Release|x64
		Release|x86 = Release|x86
	EndGlobalSection
	GlobalSection(ProjectConfigurationPlatforms) = postSolution
		{60268B75-5C47-4DFC-9F7A-83E47B0978CD}.Debug|Any CPU.ActiveCfg = Debug|Any CPU
		{60268B75-5C47-4DFC-9F7A-83E47B0978CD}.Debug|Any CPU.Build.0 = Debug|Any CPU
		{60268B75-5C47-4DFC-9F7A-83E47B0978CD}.Debug|x64.ActiveCfg = Debug|x64
		{60268B75-5C47-4DFC-9F7A-83E47B0978CD}.Debug|x64.Build.0 = Debug|x64
		{60268B75-5C47-4DFC-9F7A-83E47B0978CD}.Debug|x86.ActiveCfg = Debug|x86
		{60268B75-5C47-4DFC-9F7A-83E47B0978CD}.Debug|x86.Build.0 = Debug|x86
		{60268B75-5C47-4DFC-9F7A-83E47B0978CD}.Release|Any CPU.ActiveCfg = Release|Any CPU
		{60268B75-5C47-4DFC-9F7A-83E47B0978CD}.Release|Any CPU.Build.0 = Release|Any CPU
		{60268B75-5C47-4DFC-9F7A-83E47B0978CD}.Release|x64.ActiveCfg = Release|x64
		{60268B75-5C47-4DFC-9F7A-83E47B0978CD}.Release|x64.Build.0 = Release|x64
		{60268B75-5C47-4DFC-9F7A-83E47B0978CD}.Release|x86.ActiveCfg = Release|x86
		{60268B75-5C47-4DFC-9F7A-83E47B0978CD}.Release|x86.Build.0 = Release|x86
		{B96A2BFE-6829-4E5A-86BE-26DE0294D3C6}.Debug|Any CPU.ActiveCfg = Debug|Any CPU
		{B96A2BFE-6829-4E5A-86BE-26DE0294D3C6}.Debug|Any CPU.Build.0 = Debug|Any CPU
		{B96A2BFE-6829-4E5A-86BE-26DE0294D3C6}.Debug|x64.ActiveCfg = Debug|x64
		{B96A2BFE-6829-4E5A-86BE-26DE0294D3C6}.Debug|x64.Build.0 = Debug|x64
		{B96A2BFE-6829-4E5A-86BE-26DE0294D3C6}.Debug|x86.ActiveCfg = Debug|x86
		{B96A2BFE-6829-4E5A-86BE-26DE0294D3C6}.Debug|x86.Build.0 = Debug|x86
		{B96A2BFE-6829-4E5A-86BE-26DE0294D3C6}.Release|Any CPU.ActiveCfg = Release|Any CPU
		{B96A2BFE-6829-4E5A-86BE-26DE0294D3C6}.Release|Any CPU.Build.0 = Release|Any CPU
		{B96A2BFE-6829-4E5A-86BE-26DE0294D3C6}.Release|x64.ActiveCfg = Release|x64
		{B96A2BFE-6829-4E5A-86BE-26DE0294D3C6}.Release|x64.Build.0 = Release|x64
		{B96A2BFE-6829-4E5A-86BE-26DE0294D3C6}.Release|x86.ActiveCfg = Release|x86
		{B96A2BFE-6829-4E5A-86BE-26DE0294D3C6}.Release|x86.Build.0 = Release|x86
		{8151113A-24BC-4A67-B513-D43C912AE0C0}.Debug|Any CPU.ActiveCfg = Debug|Any CPU
		{8151113A-24BC-4A67-B513-D43C912AE0C0}.Debug|Any CPU.Build.0 = Debug|Any CPU
		{8151113A-24BC-4A67-B513-D43C912AE0C0}.Debug|x64.ActiveCfg = Debug|Any CPU
		{8151113A-24BC-4A67-B513-D43C912AE0C0}.Debug|x64.Build.0 = Debug|Any CPU
		{8151113A-24BC-4A67-B513-D43C912AE0C0}.Debug|x86.ActiveCfg = Debug|Any CPU
		{8151113A-24BC-4A67-B513-D43C912AE0C0}.Debug|x86.Build.0 = Debug|Any CPU
		{8151113A-24BC-4A67-B513-D43C912AE0C0}.Release|Any CPU.ActiveCfg = Release|Any CPU
		{8151113A-24BC-4A67-B513-D43C912AE0C0}.Release|Any CPU.Build.0 = Release|Any CPU
		{8151113A-24BC-4A67-B513-D43C912AE0C0}.Release|x64.ActiveCfg = Release|Any CPU
		{8151113A-24BC-4A67-B513-D43C912AE0C0}.Release|x64.Build.0 = Release|Any CPU
		{8151113A-24BC-4A67-B513-D43C912AE0C0}.Release|x86.ActiveCfg = Release|Any CPU
		{8151113A-24BC-4A67-B513-D43C912AE0C0}.Release|x86.Build.0 = Release|Any CPU
		{22589CA2-5F8B-44F8-BC87-795569486E28}.Debug|Any CPU.ActiveCfg = Debug|Any CPU
		{22589CA2-5F8B-44F8-BC87-795569486E28}.Debug|Any CPU.Build.0 = Debug|Any CPU
		{22589CA2-5F8B-44F8-BC87-795569486E28}.Debug|x64.ActiveCfg = Debug|Any CPU
		{22589CA2-5F8B-44F8-BC87-795569486E28}.Debug|x64.Build.0 = Debug|Any CPU
		{22589CA2-5F8B-44F8-BC87-795569486E28}.Debug|x86.ActiveCfg = Debug|Any CPU
		{22589CA2-5F8B-44F8-BC87-795569486E28}.Debug|x86.Build.0 = Debug|Any CPU
		{22589CA2-5F8B-44F8-BC87-795569486E28}.Release|Any CPU.ActiveCfg = Release|Any CPU
		{22589CA2-5F8B-44F8-BC87-795569486E28}.Release|Any CPU.Build.0 = Release|Any CPU
		{22589CA2-5F8B-44F8-BC87-795569486E28}.Release|x64.ActiveCfg = Release|Any CPU
		{22589CA2-5F8B-44F8-BC87-795569486E28}.Release|x64.Build.0 = Release|Any CPU
		{22589CA2-5F8B-44F8-BC87-795569486E28}.Release|x86.ActiveCfg = Release|Any CPU
		{22589CA2-5F8B-44F8-BC87-795569486E28}.Release|x86.Build.0 = Release|Any CPU
	EndGlobalSection
	GlobalSection(SolutionProperties) = preSolution
		HideSolutionNode = FALSE
	EndGlobalSection
	GlobalSection(ExtensibilityGlobals) = postSolution
		SolutionGuid = {C6B98480-CA59-412E-937E-F66F28EC0B74}
	EndGlobalSection
EndGlobal
