Microsoft Visual Studio Solution File, Format Version 12.00
# Visual Studio 15
VisualStudioVersion = 15.0.26124.0
MinimumVisualStudioVersion = 15.0.26124.0
Project("{9A19103F-16F7-4668-BE54-9A1E7A4F7556}") = "OggVorbisEncoder", "OggVorbisEncoder\OggVorbisEncoder.csproj", "{60268B75-5C47-4DFC-9F7A-83E47B0978CD}"
EndProject
Project("{9A19103F-16F7-4668-BE54-9A1E7A4F7556}") = "OggVorbisEncoder.Example", "OggVorbisEncoder.Example\OggVorbisEncoder.Example.csproj", "{B96A2BFE-6829-4E5A-86BE-26DE0294D3C6}"
EndProject
Global
	GlobalSection(SolutionConfigurationPlatforms) = preSolution
		Debug|Any CPU = Debug|Any CPU
		Debug|x64 = Debug|x64
		Debug|x86 = Debug|x86
		Release|Any CPU = Release|Any CPU
		Release|x64 = Release|x64
		Release|x86 = Release|x86
	EndGlobalSection
	GlobalSection(ProjectConfigurationPlatforms) = postSolution
		{60268B75-5C47-4DFC-9F7A-83E47B0978CD}.Debug|Any CPU.ActiveCfg = Debug|Any CPU
		{60268B75-5C47-4DFC-9F7A-83E47B0978CD}.Debug|Any CPU.Build.0 = Debug|Any CPU
		{60268B75-5C47-4DFC-9F7A-83E47B0978CD}.Debug|x64.ActiveCfg = Debug|Any CPU
		{60268B75-5C47-4DFC-9F7A-83E47B0978CD}.Debug|x64.Build.0 = Debug|Any CPU
		{60268B75-5C47-4DFC-9F7A-83E47B0978CD}.Debug|x86.ActiveCfg = Debug|Any CPU
		{60268B75-5C47-4DFC-9F7A-83E47B0978CD}.Debug|x86.Build.0 = Debug|Any CPU
		{60268B75-5C47-4DFC-9F7A-83E47B0978CD}.Release|Any CPU.ActiveCfg = Release|Any CPU
		{60268B75-5C47-4DFC-9F7A-83E47B0978CD}.Release|Any CPU.Build.0 = Release|Any CPU
		{60268B75-5C47-4DFC-9F7A-83E47B0978CD}.Release|x64.ActiveCfg = Release|Any CPU
		{60268B75-5C47-4DFC-9F7A-83E47B0978CD}.Release|x64.Build.0 = Release|Any CPU
		{60268B75-5C47-4DFC-9F7A-83E47B0978CD}.Release|x86.ActiveCfg = Release|Any CPU
		{60268B75-5C47-4DFC-9F7A-83E47B0978CD}.Release|x86.Build.0 = Release|Any CPU
		{B96A2BFE-6829-4E5A-86BE-26DE0294D3C6}.Debug|Any CPU.ActiveCfg = Debug|Any CPU
		{B96A2BFE-6829-4E5A-86BE-26DE0294D3C6}.Debug|Any CPU.Build.0 = Debug|Any CPU
		{B96A2BFE-6829-4E5A-86BE-26DE0294D3C6}.Debug|x64.ActiveCfg = Debug|Any CPU
		{B96A2BFE-6829-4E5A-86BE-26DE0294D3C6}.Debug|x64.Build.0 = Debug|Any CPU
		{B96A2BFE-6829-4E5A-86BE-26DE0294D3C6}.Debug|x86.ActiveCfg = Debug|Any CPU
		{B96A2BFE-6829-4E5A-86BE-26DE0294D3C6}.Debug|x86.Build.0 = Debug|Any CPU
		{B96A2BFE-6829-4E5A-86BE-26DE0294D3C6}.Release|Any CPU.ActiveCfg = Release|Any CPU
		{B96A2BFE-6829-4E5A-86BE-26DE0294D3C6}.Release|Any CPU.Build.0 = Release|Any CPU
		{B96A2BFE-6829-4E5A-86BE-26DE0294D3C6}.Release|x64.ActiveCfg = Release|Any CPU
		{B96A2BFE-6829-4E5A-86BE-26DE0294D3C6}.Release|x64.Build.0 = Release|Any CPU
		{B96A2BFE-6829-4E5A-86BE-26DE0294D3C6}.Release|x86.ActiveCfg = Release|Any CPU
		{B96A2BFE-6829-4E5A-86BE-26DE0294D3C6}.Release|x86.Build.0 = Release|Any CPU
	EndGlobalSection
	GlobalSection(SolutionProperties) = preSolution
		HideSolutionNode = FALSE
	EndGlobalSection
	GlobalSection(ExtensibilityGlobals) = postSolution
		SolutionGuid = {C5467EAD-753A-4257-8D53-875CC37D41D1}
	EndGlobalSection
EndGlobal
